
Microsoft Visual Studio Solution File, Format Version 12.00
# Visual Studio Version 17
VisualStudioVersion = 17.1.32228.430
MinimumVisualStudioVersion = 10.0.40219.1
Project("{FAE04EC0-301F-11D3-BF4B-00C04F79EFBC}") = "SoulLinkPair", "SoulLinkPair\SoulLinkPair.csproj", "{6585F0BD-1153-4FE1-B1EF-FC967A9E448D}"
EndProject
Global
	GlobalSection(SolutionConfigurationPlatforms) = preSolution
		Debug|Any CPU = Debug|Any CPU
		Release|Any CPU = Release|Any CPU
	EndGlobalSection
	GlobalSection(ProjectConfigurationPlatforms) = postSolution
		{6585F0BD-1153-4FE1-B1EF-FC967A9E448D}.Debug|Any CPU.ActiveCfg = Debug|Any CPU
		{6585F0BD-1153-4FE1-B1EF-FC967A9E448D}.Debug|Any CPU.Build.0 = Debug|Any CPU
		{6585F0BD-1153-4FE1-B1EF-FC967A9E448D}.Release|Any CPU.ActiveCfg = Release|Any CPU
		{6585F0BD-1153-4FE1-B1EF-FC967A9E448D}.Release|Any CPU.Build.0 = Release|Any CPU
	EndGlobalSection
	GlobalSection(SolutionProperties) = preSolution
		HideSolutionNode = FALSE
	EndGlobalSection
	GlobalSection(ExtensibilityGlobals) = postSolution
		SolutionGuid = {40C3DD7C-A51F-48E5-9A4F-DDEECF356E4F}
	EndGlobalSection
EndGlobal
